
Microsoft Visual Studio Solution File, Format Version 12.00
# Visual Studio 14
VisualStudioVersion = 14.0.25420.1
MinimumVisualStudioVersion = 10.0.40219.1
Project("{2150E333-8FDC-42A3-9474-1A3956D46DE8}") = "src", "src", "{DB3E1B73-3837-468A-B67F-0640EE5FFA9B}"
EndProject
Project("{2150E333-8FDC-42A3-9474-1A3956D46DE8}") = "Solution Items", "Solution Items", "{71189D4D-3A18-4404-858D-4FF56BD8AA1A}"
	ProjectSection(SolutionItems) = preProject
		global.json = global.json
	EndProjectSection
EndProject
Project("{8BB2217D-0F2D-49D1-97BC-3654ED321F3B}") = "NativeLibraryUtilities", "src\NativeLibraryUtilities\NativeLibraryUtilities.xproj", "{132E6AEA-F5FC-4991-9DA1-6F2DD41AF500}"
EndProject
Global
	GlobalSection(SolutionConfigurationPlatforms) = preSolution
		Debug|Any CPU = Debug|Any CPU
		Release|Any CPU = Release|Any CPU
	EndGlobalSection
	GlobalSection(ProjectConfigurationPlatforms) = postSolution
		{132E6AEA-F5FC-4991-9DA1-6F2DD41AF500}.Debug|Any CPU.ActiveCfg = Debug|Any CPU
		{132E6AEA-F5FC-4991-9DA1-6F2DD41AF500}.Debug|Any CPU.Build.0 = Debug|Any CPU
		{132E6AEA-F5FC-4991-9DA1-6F2DD41AF500}.Release|Any CPU.ActiveCfg = Release|Any CPU
		{132E6AEA-F5FC-4991-9DA1-6F2DD41AF500}.Release|Any CPU.Build.0 = Release|Any CPU
	EndGlobalSection
	GlobalSection(SolutionProperties) = preSolution
		HideSolutionNode = FALSE
	EndGlobalSection
	GlobalSection(NestedProjects) = preSolution
		{132E6AEA-F5FC-4991-9DA1-6F2DD41AF500} = {DB3E1B73-3837-468A-B67F-0640EE5FFA9B}
	EndGlobalSection
EndGlobal
